
Microsoft Visual Studio Solution File, Format Version 12.00
# Visual Studio 14
VisualStudioVersion = 14.0.23107.0
MinimumVisualStudioVersion = 10.0.40219.1
Project("{888888A0-9F3D-457C-B088-3A5042F75D52}") = "Q1", "Algorithm\Q1.pyproj", "{13996424-E899-43D5-B599-ED6C55F7C4A1}"
EndProject
Project("{888888A0-9F3D-457C-B088-3A5042F75D52}") = "Fibonacci", "Fibonacci\Fibonacci.pyproj", "{F603C0E4-1DDB-4891-9651-EF73BBF8A5A9}"
EndProject
Project("{FAE04EC0-301F-11D3-BF4B-00C04F79EFBC}") = "Job", "Job\Job.csproj", "{F65CDCD4-4889-4357-8479-BE091CBBED4D}"
EndProject
Project("{888888A0-9F3D-457C-B088-3A5042F75D52}") = "PythonJob", "PythonJob\PythonJob.pyproj", "{5ABF42CC-4728-4B61-A6F9-CA02FE948A1D}"
EndProject
Project("{FAE04EC0-301F-11D3-BF4B-00C04F79EFBC}") = "RecursiveDicFib", "RecursiveDicFib\RecursiveDicFib.csproj", "{C2B5AEA2-8F26-4006-B165-C80B174A4D32}"
EndProject
Project("{888888A0-9F3D-457C-B088-3A5042F75D52}") = "Q2", "Q2\Q2.pyproj", "{02F59049-C9DD-47AC-96B0-641ACC727056}"
EndProject
Project("{888888A0-9F3D-457C-B088-3A5042F75D52}") = "Q4", "Q4\Q4.pyproj", "{71696E81-6CAB-4979-94CC-BCEC80DAD311}"
EndProject
Global
	GlobalSection(SolutionConfigurationPlatforms) = preSolution
		Debug|Any CPU = Debug|Any CPU
		Release|Any CPU = Release|Any CPU
	EndGlobalSection
	GlobalSection(ProjectConfigurationPlatforms) = postSolution
		{13996424-E899-43D5-B599-ED6C55F7C4A1}.Debug|Any CPU.ActiveCfg = Debug|Any CPU
		{13996424-E899-43D5-B599-ED6C55F7C4A1}.Release|Any CPU.ActiveCfg = Release|Any CPU
		{F603C0E4-1DDB-4891-9651-EF73BBF8A5A9}.Debug|Any CPU.ActiveCfg = Debug|Any CPU
		{F603C0E4-1DDB-4891-9651-EF73BBF8A5A9}.Release|Any CPU.ActiveCfg = Release|Any CPU
		{F65CDCD4-4889-4357-8479-BE091CBBED4D}.Debug|Any CPU.ActiveCfg = Debug|Any CPU
		{F65CDCD4-4889-4357-8479-BE091CBBED4D}.Debug|Any CPU.Build.0 = Debug|Any CPU
		{F65CDCD4-4889-4357-8479-BE091CBBED4D}.Release|Any CPU.ActiveCfg = Release|Any CPU
		{F65CDCD4-4889-4357-8479-BE091CBBED4D}.Release|Any CPU.Build.0 = Release|Any CPU
		{5ABF42CC-4728-4B61-A6F9-CA02FE948A1D}.Debug|Any CPU.ActiveCfg = Debug|Any CPU
		{5ABF42CC-4728-4B61-A6F9-CA02FE948A1D}.Release|Any CPU.ActiveCfg = Release|Any CPU
		{C2B5AEA2-8F26-4006-B165-C80B174A4D32}.Debug|Any CPU.ActiveCfg = Debug|Any CPU
		{C2B5AEA2-8F26-4006-B165-C80B174A4D32}.Debug|Any CPU.Build.0 = Debug|Any CPU
		{C2B5AEA2-8F26-4006-B165-C80B174A4D32}.Release|Any CPU.ActiveCfg = Release|Any CPU
		{C2B5AEA2-8F26-4006-B165-C80B174A4D32}.Release|Any CPU.Build.0 = Release|Any CPU
		{02F59049-C9DD-47AC-96B0-641ACC727056}.Debug|Any CPU.ActiveCfg = Debug|Any CPU
		{02F59049-C9DD-47AC-96B0-641ACC727056}.Release|Any CPU.ActiveCfg = Release|Any CPU
		{71696E81-6CAB-4979-94CC-BCEC80DAD311}.Debug|Any CPU.ActiveCfg = Debug|Any CPU
		{71696E81-6CAB-4979-94CC-BCEC80DAD311}.Release|Any CPU.ActiveCfg = Release|Any CPU
	EndGlobalSection
	GlobalSection(SolutionProperties) = preSolution
		HideSolutionNode = FALSE
	EndGlobalSection
EndGlobal
